// !$*UTF8*$!
{
	archiveVersion = 1;
	classes = {
	};
	objectVersion = 46;
	objects = {

/* Begin PBXBuildFile section */
		8E278B121EB88C8500BF1F60 /* Metal.framework in Frameworks */ = {isa = PBXBuildFile; fileRef = 8E278B111EB88C8500BF1F60 /* Metal.framework */; };
		8E278B141EB88C8500BF1F60 /* MetalKit.framework in Frameworks */ = {isa = PBXBuildFile; fileRef = 8E278B131EB88C8500BF1F60 /* MetalKit.framework */; };
		8E278B161EB88C8500BF1F60 /* ModelIO.framework in Frameworks */ = {isa = PBXBuildFile; fileRef = 8E278B151EB88C8500BF1F60 /* ModelIO.framework */; };
		8E278B191EB88C8500BF1F60 /* AppDelegate.swift in Sources */ = {isa = PBXBuildFile; fileRef = 8E278B181EB88C8500BF1F60 /* AppDelegate.swift */; };
		8E278B1B1EB88C8500BF1F60 /* GameViewController.swift in Sources */ = {isa = PBXBuildFile; fileRef = 8E278B1A1EB88C8500BF1F60 /* GameViewController.swift */; };
		8E278B1D1EB88C8500BF1F60 /* Shaders.metal in Sources */ = {isa = PBXBuildFile; fileRef = 8E278B1C1EB88C8500BF1F60 /* Shaders.metal */; };
		8E278B201EB88C8500BF1F60 /* Main.storyboard in Resources */ = {isa = PBXBuildFile; fileRef = 8E278B1E1EB88C8500BF1F60 /* Main.storyboard */; };
		8E278B221EB88C8500BF1F60 /* Assets.xcassets in Resources */ = {isa = PBXBuildFile; fileRef = 8E278B211EB88C8500BF1F60 /* Assets.xcassets */; };
		8E278B251EB88C8500BF1F60 /* LaunchScreen.storyboard in Resources */ = {isa = PBXBuildFile; fileRef = 8E278B231EB88C8500BF1F60 /* LaunchScreen.storyboard */; };
		8E278B301EB88C8500BF1F60 /* SwiftMetalLearnTests.swift in Sources */ = {isa = PBXBuildFile; fileRef = 8E278B2F1EB88C8500BF1F60 /* SwiftMetalLearnTests.swift */; };
/* End PBXBuildFile section */

/* Begin PBXContainerItemProxy section */
		8E278B2C1EB88C8500BF1F60 /* PBXContainerItemProxy */ = {
			isa = PBXContainerItemProxy;
			containerPortal = 8E278B061EB88C8500BF1F60 /* Project object */;
			proxyType = 1;
			remoteGlobalIDString = 8E278B0D1EB88C8500BF1F60;
			remoteInfo = SwiftMetalLearn;
		};
/* End PBXContainerItemProxy section */

/* Begin PBXFileReference section */
		8E278B0E1EB88C8500BF1F60 /* SwiftMetalLearn.app */ = {isa = PBXFileReference; explicitFileType = wrapper.application; includeInIndex = 0; path = SwiftMetalLearn.app; sourceTree = BUILT_PRODUCTS_DIR; };
		8E278B111EB88C8500BF1F60 /* Metal.framework */ = {isa = PBXFileReference; lastKnownFileType = wrapper.framework; name = Metal.framework; path = System/Library/Frameworks/Metal.framework; sourceTree = SDKROOT; };
		8E278B131EB88C8500BF1F60 /* MetalKit.framework */ = {isa = PBXFileReference; lastKnownFileType = wrapper.framework; name = MetalKit.framework; path = System/Library/Frameworks/MetalKit.framework; sourceTree = SDKROOT; };
		8E278B151EB88C8500BF1F60 /* ModelIO.framework */ = {isa = PBXFileReference; lastKnownFileType = wrapper.framework; name = ModelIO.framework; path = System/Library/Frameworks/ModelIO.framework; sourceTree = SDKROOT; };
		8E278B181EB88C8500BF1F60 /* AppDelegate.swift */ = {isa = PBXFileReference; lastKnownFileType = sourcecode.swift; path = AppDelegate.swift; sourceTree = "<group>"; };
		8E278B1A1EB88C8500BF1F60 /* GameViewController.swift */ = {isa = PBXFileReference; lastKnownFileType = sourcecode.swift; path = GameViewController.swift; sourceTree = "<group>"; };
		8E278B1C1EB88C8500BF1F60 /* Shaders.metal */ = {isa = PBXFileReference; lastKnownFileType = sourcecode.metal; path = Shaders.metal; sourceTree = "<group>"; };
		8E278B1F1EB88C8500BF1F60 /* Base */ = {isa = PBXFileReference; lastKnownFileType = file.storyboard; name = Base; path = Base.lproj/Main.storyboard; sourceTree = "<group>"; };
		8E278B211EB88C8500BF1F60 /* Assets.xcassets */ = {isa = PBXFileReference; lastKnownFileType = folder.assetcatalog; path = Assets.xcassets; sourceTree = "<group>"; };
		8E278B241EB88C8500BF1F60 /* Base */ = {isa = PBXFileReference; lastKnownFileType = file.storyboard; name = Base; path = Base.lproj/LaunchScreen.storyboard; sourceTree = "<group>"; };
		8E278B261EB88C8500BF1F60 /* Info.plist */ = {isa = PBXFileReference; lastKnownFileType = text.plist.xml; path = Info.plist; sourceTree = "<group>"; };
		8E278B2B1EB88C8500BF1F60 /* SwiftMetalLearnTests.xctest */ = {isa = PBXFileReference; explicitFileType = wrapper.cfbundle; includeInIndex = 0; path = SwiftMetalLearnTests.xctest; sourceTree = BUILT_PRODUCTS_DIR; };
		8E278B2F1EB88C8500BF1F60 /* SwiftMetalLearnTests.swift */ = {isa = PBXFileReference; lastKnownFileType = sourcecode.swift; path = SwiftMetalLearnTests.swift; sourceTree = "<group>"; };
		8E278B311EB88C8500BF1F60 /* Info.plist */ = {isa = PBXFileReference; lastKnownFileType = text.plist.xml; path = Info.plist; sourceTree = "<group>"; };
/* End PBXFileReference section */

/* Begin PBXFrameworksBuildPhase section */
		8E278B0B1EB88C8500BF1F60 /* Frameworks */ = {
			isa = PBXFrameworksBuildPhase;
			buildActionMask = 2147483647;
			files = (
				8E278B161EB88C8500BF1F60 /* ModelIO.framework in Frameworks */,
				8E278B121EB88C8500BF1F60 /* Metal.framework in Frameworks */,
				8E278B141EB88C8500BF1F60 /* MetalKit.framework in Frameworks */,
			);
			runOnlyForDeploymentPostprocessing = 0;
		};
		8E278B281EB88C8500BF1F60 /* Frameworks */ = {
			isa = PBXFrameworksBuildPhase;
			buildActionMask = 2147483647;
			files = (
			);
			runOnlyForDeploymentPostprocessing = 0;
		};
/* End PBXFrameworksBuildPhase section */

/* Begin PBXGroup section */
		8E278B051EB88C8500BF1F60 = {
			isa = PBXGroup;
			children = (
				8E278B171EB88C8500BF1F60 /* SwiftMetalLearn */,
				8E278B2E1EB88C8500BF1F60 /* SwiftMetalLearnTests */,
				8E278B101EB88C8500BF1F60 /* Frameworks */,
				8E278B0F1EB88C8500BF1F60 /* Products */,
			);
			sourceTree = "<group>";
		};
		8E278B0F1EB88C8500BF1F60 /* Products */ = {
			isa = PBXGroup;
			children = (
				8E278B0E1EB88C8500BF1F60 /* SwiftMetalLearn.app */,
				8E278B2B1EB88C8500BF1F60 /* SwiftMetalLearnTests.xctest */,
			);
			name = Products;
			sourceTree = "<group>";
		};
		8E278B101EB88C8500BF1F60 /* Frameworks */ = {
			isa = PBXGroup;
			children = (
				8E278B111EB88C8500BF1F60 /* Metal.framework */,
				8E278B131EB88C8500BF1F60 /* MetalKit.framework */,
				8E278B151EB88C8500BF1F60 /* ModelIO.framework */,
			);
			name = Frameworks;
			sourceTree = "<group>";
		};
		8E278B171EB88C8500BF1F60 /* SwiftMetalLearn */ = {
			isa = PBXGroup;
			children = (
				8E278B181EB88C8500BF1F60 /* AppDelegate.swift */,
				8E278B1A1EB88C8500BF1F60 /* GameViewController.swift */,
				8E278B1C1EB88C8500BF1F60 /* Shaders.metal */,
				8E278B1E1EB88C8500BF1F60 /* Main.storyboard */,
				8E278B211EB88C8500BF1F60 /* Assets.xcassets */,
				8E278B231EB88C8500BF1F60 /* LaunchScreen.storyboard */,
				8E278B261EB88C8500BF1F60 /* Info.plist */,
			);
			path = SwiftMetalLearn;
			sourceTree = "<group>";
		};
		8E278B2E1EB88C8500BF1F60 /* SwiftMetalLearnTests */ = {
			isa = PBXGroup;
			children = (
				8E278B2F1EB88C8500BF1F60 /* SwiftMetalLearnTests.swift */,
				8E278B311EB88C8500BF1F60 /* Info.plist */,
			);
			path = SwiftMetalLearnTests;
			sourceTree = "<group>";
		};
/* End PBXGroup section */

/* Begin PBXNativeTarget section */
		8E278B0D1EB88C8500BF1F60 /* SwiftMetalLearn */ = {
			isa = PBXNativeTarget;
			buildConfigurationList = 8E278B341EB88C8600BF1F60 /* Build configuration list for PBXNativeTarget "SwiftMetalLearn" */;
			buildPhases = (
				8E278B0A1EB88C8500BF1F60 /* Sources */,
				8E278B0B1EB88C8500BF1F60 /* Frameworks */,
				8E278B0C1EB88C8500BF1F60 /* Resources */,
			);
			buildRules = (
			);
			dependencies = (
			);
			name = SwiftMetalLearn;
			productName = SwiftMetalLearn;
			productReference = 8E278B0E1EB88C8500BF1F60 /* SwiftMetalLearn.app */;
			productType = "com.apple.product-type.application";
		};
		8E278B2A1EB88C8500BF1F60 /* SwiftMetalLearnTests */ = {
			isa = PBXNativeTarget;
			buildConfigurationList = 8E278B371EB88C8600BF1F60 /* Build configuration list for PBXNativeTarget "SwiftMetalLearnTests" */;
			buildPhases = (
				8E278B271EB88C8500BF1F60 /* Sources */,
				8E278B281EB88C8500BF1F60 /* Frameworks */,
				8E278B291EB88C8500BF1F60 /* Resources */,
			);
			buildRules = (
			);
			dependencies = (
				8E278B2D1EB88C8500BF1F60 /* PBXTargetDependency */,
			);
			name = SwiftMetalLearnTests;
			productName = SwiftMetalLearnTests;
			productReference = 8E278B2B1EB88C8500BF1F60 /* SwiftMetalLearnTests.xctest */;
			productType = "com.apple.product-type.bundle.unit-test";
		};
/* End PBXNativeTarget section */

/* Begin PBXProject section */
		8E278B061EB88C8500BF1F60 /* Project object */ = {
			isa = PBXProject;
			attributes = {
				LastSwiftUpdateCheck = 0830;
				LastUpgradeCheck = 0830;
				ORGANIZATIONNAME = wangyang;
				TargetAttributes = {
					8E278B0D1EB88C8500BF1F60 = {
						CreatedOnToolsVersion = 8.3.1;
						DevelopmentTeam = P48344HVQL;
						ProvisioningStyle = Automatic;
					};
					8E278B2A1EB88C8500BF1F60 = {
						CreatedOnToolsVersion = 8.3.1;
						DevelopmentTeam = P48344HVQL;
						ProvisioningStyle = Automatic;
						TestTargetID = 8E278B0D1EB88C8500BF1F60;
					};
				};
			};
			buildConfigurationList = 8E278B091EB88C8500BF1F60 /* Build configuration list for PBXProject "SwiftMetalLearn" */;
			compatibilityVersion = "Xcode 3.2";
			developmentRegion = English;
			hasScannedForEncodings = 0;
			knownRegions = (
				en,
				Base,
			);
			mainGroup = 8E278B051EB88C8500BF1F60;
			productRefGroup = 8E278B0F1EB88C8500BF1F60 /* Products */;
			projectDirPath = "";
			projectRoot = "";
			targets = (
				8E278B0D1EB88C8500BF1F60 /* SwiftMetalLearn */,
				8E278B2A1EB88C8500BF1F60 /* SwiftMetalLearnTests */,
			);
		};
/* End PBXProject section */

/* Begin PBXResourcesBuildPhase section */
		8E278B0C1EB88C8500BF1F60 /* Resources */ = {
			isa = PBXResourcesBuildPhase;
			buildActionMask = 2147483647;
			files = (
				8E278B251EB88C8500BF1F60 /* LaunchScreen.storyboard in Resources */,
				8E278B221EB88C8500BF1F60 /* Assets.xcassets in Resources */,
				8E278B201EB88C8500BF1F60 /* Main.storyboard in Resources */,
			);
			runOnlyForDeploymentPostprocessing = 0;
		};
		8E278B291EB88C8500BF1F60 /* Resources */ = {
			isa = PBXResourcesBuildPhase;
			buildActionMask = 2147483647;
			files = (
			);
			runOnlyForDeploymentPostprocessing = 0;
		};
/* End PBXResourcesBuildPhase section */

/* Begin PBXSourcesBuildPhase section */
		8E278B0A1EB88C8500BF1F60 /* Sources */ = {
			isa = PBXSourcesBuildPhase;
			buildActionMask = 2147483647;
			files = (
				8E278B1D1EB88C8500BF1F60 /* Shaders.metal in Sources */,
				8E278B1B1EB88C8500BF1F60 /* GameViewController.swift in Sources */,
				8E278B191EB88C8500BF1F60 /* AppDelegate.swift in Sources */,
			);
			runOnlyForDeploymentPostprocessing = 0;
		};
		8E278B271EB88C8500BF1F60 /* Sources */ = {
			isa = PBXSourcesBuildPhase;
			buildActionMask = 2147483647;
			files = (
				8E278B301EB88C8500BF1F60 /* SwiftMetalLearnTests.swift in Sources */,
			);
			runOnlyForDeploymentPostprocessing = 0;
		};
/* End PBXSourcesBuildPhase section */

/* Begin PBXTargetDependency section */
		8E278B2D1EB88C8500BF1F60 /* PBXTargetDependency */ = {
			isa = PBXTargetDependency;
			target = 8E278B0D1EB88C8500BF1F60 /* SwiftMetalLearn */;
			targetProxy = 8E278B2C1EB88C8500BF1F60 /* PBXContainerItemProxy */;
		};
/* End PBXTargetDependency section */

/* Begin PBXVariantGroup section */
		8E278B1E1EB88C8500BF1F60 /* Main.storyboard */ = {
			isa = PBXVariantGroup;
			children = (
				8E278B1F1EB88C8500BF1F60 /* Base */,
			);
			name = Main.storyboard;
			sourceTree = "<group>";
		};
		8E278B231EB88C8500BF1F60 /* LaunchScreen.storyboard */ = {
			isa = PBXVariantGroup;
			children = (
				8E278B241EB88C8500BF1F60 /* Base */,
			);
			name = LaunchScreen.storyboard;
			sourceTree = "<group>";
		};
/* End PBXVariantGroup section */

/* Begin XCBuildConfiguration section */
		8E278B321EB88C8600BF1F60 /* Debug */ = {
			isa = XCBuildConfiguration;
			buildSettings = {
				ALWAYS_SEARCH_USER_PATHS = NO;
				CLANG_ANALYZER_NONNULL = YES;
				CLANG_ANALYZER_NUMBER_OBJECT_CONVERSION = YES_AGGRESSIVE;
				CLANG_CXX_LANGUAGE_STANDARD = "gnu++0x";
				CLANG_CXX_LIBRARY = "libc++";
				CLANG_ENABLE_MODULES = YES;
				CLANG_ENABLE_OBJC_ARC = YES;
				CLANG_WARN_BOOL_CONVERSION = YES;
				CLANG_WARN_CONSTANT_CONVERSION = YES;
				CLANG_WARN_DIRECT_OBJC_ISA_USAGE = YES_ERROR;
				CLANG_WARN_DOCUMENTATION_COMMENTS = YES;
				CLANG_WARN_EMPTY_BODY = YES;
				CLANG_WARN_ENUM_CONVERSION = YES;
				CLANG_WARN_INFINITE_RECURSION = YES;
				CLANG_WARN_INT_CONVERSION = YES;
				CLANG_WARN_OBJC_ROOT_CLASS = YES_ERROR;
				CLANG_WARN_SUSPICIOUS_MOVE = YES;
				CLANG_WARN_UNREACHABLE_CODE = YES;
				CLANG_WARN__DUPLICATE_METHOD_MATCH = YES;
				"CODE_SIGN_IDENTITY[sdk=iphoneos*]" = "iPhone Developer";
				COPY_PHASE_STRIP = NO;
				DEBUG_INFORMATION_FORMAT = dwarf;
				ENABLE_STRICT_OBJC_MSGSEND = YES;
				ENABLE_TESTABILITY = YES;
				GCC_C_LANGUAGE_STANDARD = gnu99;
				GCC_DYNAMIC_NO_PIC = NO;
				GCC_NO_COMMON_BLOCKS = YES;
				GCC_OPTIMIZATION_LEVEL = 0;
				GCC_PREPROCESSOR_DEFINITIONS = (
					"DEBUG=1",
					"$(inherited)",
				);
				GCC_WARN_64_TO_32_BIT_CONVERSION = YES;
				GCC_WARN_ABOUT_RETURN_TYPE = YES_ERROR;
				GCC_WARN_UNDECLARED_SELECTOR = YES;
				GCC_WARN_UNINITIALIZED_AUTOS = YES_AGGRESSIVE;
				GCC_WARN_UNUSED_FUNCTION = YES;
				GCC_WARN_UNUSED_VARIABLE = YES;
				IPHONEOS_DEPLOYMENT_TARGET = 10.3;
				MTL_ENABLE_DEBUG_INFO = YES;
				ONLY_ACTIVE_ARCH = YES;
				SDKROOT = iphoneos;
				SWIFT_ACTIVE_COMPILATION_CONDITIONS = DEBUG;
				SWIFT_OPTIMIZATION_LEVEL = "-Onone";
			};
			name = Debug;
		};
		8E278B331EB88C8600BF1F60 /* Release */ = {
			isa = XCBuildConfiguration;
			buildSettings = {
				ALWAYS_SEARCH_USER_PATHS = NO;
				CLANG_ANALYZER_NONNULL = YES;
				CLANG_ANALYZER_NUMBER_OBJECT_CONVERSION = YES_AGGRESSIVE;
				CLANG_CXX_LANGUAGE_STANDARD = "gnu++0x";
				CLANG_CXX_LIBRARY = "libc++";
				CLANG_ENABLE_MODULES = YES;
				CLANG_ENABLE_OBJC_ARC = YES;
				CLANG_WARN_BOOL_CONVERSION = YES;
				CLANG_WARN_CONSTANT_CONVERSION = YES;
				CLANG_WARN_DIRECT_OBJC_ISA_USAGE = YES_ERROR;
				CLANG_WARN_DOCUMENTATION_COMMENTS = YES;
				CLANG_WARN_EMPTY_BODY = YES;
				CLANG_WARN_ENUM_CONVERSION = YES;
				CLANG_WARN_INFINITE_RECURSION = YES;
				CLANG_WARN_INT_CONVERSION = YES;
				CLANG_WARN_OBJC_ROOT_CLASS = YES_ERROR;
				CLANG_WARN_SUSPICIOUS_MOVE = YES;
				CLANG_WARN_UNREACHABLE_CODE = YES;
				CLANG_WARN__DUPLICATE_METHOD_MATCH = YES;
				"CODE_SIGN_IDENTITY[sdk=iphoneos*]" = "iPhone Developer";
				COPY_PHASE_STRIP = NO;
				DEBUG_INFORMATION_FORMAT = "dwarf-with-dsym";
				ENABLE_NS_ASSERTIONS = NO;
				ENABLE_STRICT_OBJC_MSGSEND = YES;
				GCC_C_LANGUAGE_STANDARD = gnu99;
				GCC_NO_COMMON_BLOCKS = YES;
				GCC_WARN_64_TO_32_BIT_CONVERSION = YES;
				GCC_WARN_ABOUT_RETURN_TYPE = YES_ERROR;
				GCC_WARN_UNDECLARED_SELECTOR = YES;
				GCC_WARN_UNINITIALIZED_AUTOS = YES_AGGRESSIVE;
				GCC_WARN_UNUSED_FUNCTION = YES;
				GCC_WARN_UNUSED_VARIABLE = YES;
				IPHONEOS_DEPLOYMENT_TARGET = 10.3;
				MTL_ENABLE_DEBUG_INFO = NO;
				SDKROOT = iphoneos;
				SWIFT_OPTIMIZATION_LEVEL = "-Owholemodule";
				VALIDATE_PRODUCT = YES;
			};
			name = Release;
		};
		8E278B351EB88C8600BF1F60 /* Debug */ = {
			isa = XCBuildConfiguration;
			buildSettings = {
				ASSETCATALOG_COMPILER_APPICON_NAME = AppIcon;
				DEVELOPMENT_TEAM = P48344HVQL;
				INFOPLIST_FILE = SwiftMetalLearn/Info.plist;
				LD_RUNPATH_SEARCH_PATHS = "$(inherited) @executable_path/Frameworks";
				PRODUCT_BUNDLE_IDENTIFIER = me.ocean.SwiftMetalLearn;
				PRODUCT_NAME = "$(TARGET_NAME)";
				SWIFT_VERSION = 3.0;
			};
			name = Debug;
		};
		8E278B361EB88C8600BF1F60 /* Release */ = {
			isa = XCBuildConfiguration;
			buildSettings = {
				ASSETCATALOG_COMPILER_APPICON_NAME = AppIcon;
				DEVELOPMENT_TEAM = P48344HVQL;
				INFOPLIST_FILE = SwiftMetalLearn/Info.plist;
				LD_RUNPATH_SEARCH_PATHS = "$(inherited) @executable_path/Frameworks";
				PRODUCT_BUNDLE_IDENTIFIER = me.ocean.SwiftMetalLearn;
				PRODUCT_NAME = "$(TARGET_NAME)";
				SWIFT_VERSION = 3.0;
			};
			name = Release;
		};
		8E278B381EB88C8600BF1F60 /* Debug */ = {
			isa = XCBuildConfiguration;
			buildSettings = {
				ALWAYS_EMBED_SWIFT_STANDARD_LIBRARIES = YES;
				BUNDLE_LOADER = "$(TEST_HOST)";
				DEVELOPMENT_TEAM = P48344HVQL;
				INFOPLIST_FILE = SwiftMetalLearnTests/Info.plist;
				LD_RUNPATH_SEARCH_PATHS = "$(inherited) @executable_path/Frameworks @loader_path/Frameworks";
				PRODUCT_BUNDLE_IDENTIFIER = me.ocean.SwiftMetalLearnTests;
				PRODUCT_NAME = "$(TARGET_NAME)";
				SWIFT_VERSION = 3.0;
				TEST_HOST = "$(BUILT_PRODUCTS_DIR)/SwiftMetalLearn.app/SwiftMetalLearn";
			};
			name = Debug;
		};
		8E278B391EB88C8600BF1F60 /* Release */ = {
			isa = XCBuildConfiguration;
			buildSettings = {
				ALWAYS_EMBED_SWIFT_STANDARD_LIBRARIES = YES;
				BUNDLE_LOADER = "$(TEST_HOST)";
				DEVELOPMENT_TEAM = P48344HVQL;
				INFOPLIST_FILE = SwiftMetalLearnTests/Info.plist;
				LD_RUNPATH_SEARCH_PATHS = "$(inherited) @executable_path/Frameworks @loader_path/Frameworks";
				PRODUCT_BUNDLE_IDENTIFIER = me.ocean.SwiftMetalLearnTests;
				PRODUCT_NAME = "$(TARGET_NAME)";
				SWIFT_VERSION = 3.0;
				TEST_HOST = "$(BUILT_PRODUCTS_DIR)/SwiftMetalLearn.app/SwiftMetalLearn";
			};
			name = Release;
		};
/* End XCBuildConfiguration section */

/* Begin XCConfigurationList section */
		8E278B091EB88C8500BF1F60 /* Build configuration list for PBXProject "SwiftMetalLearn" */ = {
			isa = XCConfigurationList;
			buildConfigurations = (
				8E278B321EB88C8600BF1F60 /* Debug */,
				8E278B331EB88C8600BF1F60 /* Release */,
			);
			defaultConfigurationIsVisible = 0;
			defaultConfigurationName = Release;
		};
		8E278B341EB88C8600BF1F60 /* Build configuration list for PBXNativeTarget "SwiftMetalLearn" */ = {
			isa = XCConfigurationList;
			buildConfigurations = (
				8E278B351EB88C8600BF1F60 /* Debug */,
				8E278B361EB88C8600BF1F60 /* Release */,
			);
			defaultConfigurationIsVisible = 0;
		};
		8E278B371EB88C8600BF1F60 /* Build configuration list for PBXNativeTarget "SwiftMetalLearnTests" */ = {
			isa = XCConfigurationList;
			buildConfigurations = (
				8E278B381EB88C8600BF1F60 /* Debug */,
				8E278B391EB88C8600BF1F60 /* Release */,
			);
			defaultConfigurationIsVisible = 0;
		};
/* End XCConfigurationList section */
	};
	rootObject = 8E278B061EB88C8500BF1F60 /* Project object */;
}
